// !$*UTF8*$!
{
	archiveVersion = 1;
	classes = {
	};
	objectVersion = 55;
	objects = {

/* Begin PBXBuildFile section */
		84006D7D279D799800431BA5 /* AppDelegate.swift in Sources */ = {isa = PBXBuildFile; fileRef = 84006D7C279D799800431BA5 /* AppDelegate.swift */; };
		84006D7F279D799800431BA5 /* SceneDelegate.swift in Sources */ = {isa = PBXBuildFile; fileRef = 84006D7E279D799800431BA5 /* SceneDelegate.swift */; };
		84006D81279D799800431BA5 /* HomeViewController.swift in Sources */ = {isa = PBXBuildFile; fileRef = 84006D80279D799800431BA5 /* HomeViewController.swift */; };
		84006D84279D799800431BA5 /* Main.storyboard in Resources */ = {isa = PBXBuildFile; fileRef = 84006D82279D799800431BA5 /* Main.storyboard */; };
		84006D86279D799D00431BA5 /* Assets.xcassets in Resources */ = {isa = PBXBuildFile; fileRef = 84006D85279D799D00431BA5 /* Assets.xcassets */; };
		84006D89279D799D00431BA5 /* LaunchScreen.storyboard in Resources */ = {isa = PBXBuildFile; fileRef = 84006D87279D799D00431BA5 /* LaunchScreen.storyboard */; };
		84006D96279D7AE900431BA5 /* ExploreViewController.swift in Sources */ = {isa = PBXBuildFile; fileRef = 84006D95279D7AE900431BA5 /* ExploreViewController.swift */; };
		84006D98279D7B0300431BA5 /* CameraViewController.swift in Sources */ = {isa = PBXBuildFile; fileRef = 84006D97279D7B0300431BA5 /* CameraViewController.swift */; };
		84006D9A279D7B2700431BA5 /* NotificationsViewController.swift in Sources */ = {isa = PBXBuildFile; fileRef = 84006D99279D7B2700431BA5 /* NotificationsViewController.swift */; };
		84006D9C279D7B3500431BA5 /* ProfileViewController.swift in Sources */ = {isa = PBXBuildFile; fileRef = 84006D9B279D7B3500431BA5 /* ProfileViewController.swift */; };
		84006DA1279D7C1D00431BA5 /* RegistrationViewController.swift in Sources */ = {isa = PBXBuildFile; fileRef = 84006DA0279D7C1D00431BA5 /* RegistrationViewController.swift */; };
		84006DA3279D7C4B00431BA5 /* LoginViewController.swift in Sources */ = {isa = PBXBuildFile; fileRef = 84006DA2279D7C4B00431BA5 /* LoginViewController.swift */; };
		84006DA5279D7CAC00431BA5 /* PostViewController.swift in Sources */ = {isa = PBXBuildFile; fileRef = 84006DA4279D7CAC00431BA5 /* PostViewController.swift */; };
		84006DA7279D7CCF00431BA5 /* EditProfileViewController.swift in Sources */ = {isa = PBXBuildFile; fileRef = 84006DA6279D7CCF00431BA5 /* EditProfileViewController.swift */; };
		84006DA9279D7CD900431BA5 /* SettingsViewController.swift in Sources */ = {isa = PBXBuildFile; fileRef = 84006DA8279D7CD900431BA5 /* SettingsViewController.swift */; };
		84006DAB279D7D2C00431BA5 /* SearchViewController.swift in Sources */ = {isa = PBXBuildFile; fileRef = 84006DAA279D7D2C00431BA5 /* SearchViewController.swift */; };
		84006DAD279D7D3300431BA5 /* SearchResultViewController.swift in Sources */ = {isa = PBXBuildFile; fileRef = 84006DAC279D7D3300431BA5 /* SearchResultViewController.swift */; };
		84006DAF279D7DA000431BA5 /* ListViewController.swift in Sources */ = {isa = PBXBuildFile; fileRef = 84006DAE279D7DA000431BA5 /* ListViewController.swift */; };
		84006DB1279D7DBB00431BA5 /* PostEditorViewController.swift in Sources */ = {isa = PBXBuildFile; fileRef = 84006DB0279D7DBB00431BA5 /* PostEditorViewController.swift */; };
		84006DB3279D7DD000431BA5 /* PublishPostViewController.swift in Sources */ = {isa = PBXBuildFile; fileRef = 84006DB2279D7DD000431BA5 /* PublishPostViewController.swift */; };
		84C08237279DEB7B00FFF163 /* GoogleService-Info.plist in Resources */ = {isa = PBXBuildFile; fileRef = 84C08236279DEB7A00FFF163 /* GoogleService-Info.plist */; };
		84C0823A279DF22700FFF163 /* AuthManager.swift in Sources */ = {isa = PBXBuildFile; fileRef = 84C08239279DF22700FFF163 /* AuthManager.swift */; };
		84C0823C279E01C300FFF163 /* DatabaseManager.swift in Sources */ = {isa = PBXBuildFile; fileRef = 84C0823B279E01C300FFF163 /* DatabaseManager.swift */; };
		84C0823E279E01EE00FFF163 /* StorageManager.swift in Sources */ = {isa = PBXBuildFile; fileRef = 84C0823D279E01EE00FFF163 /* StorageManager.swift */; };
		84C0824127A0448A00FFF163 /* Extensions.swift in Sources */ = {isa = PBXBuildFile; fileRef = 84C0824027A0448A00FFF163 /* Extensions.swift */; };
		84C0824427AC10C200FFF163 /* IGFeedPostTableViewCell.swift in Sources */ = {isa = PBXBuildFile; fileRef = 84C0824327AC10C200FFF163 /* IGFeedPostTableViewCell.swift */; };
		84C0824627AC145800FFF163 /* IGFeedPostHeaderTableViewCell.swift in Sources */ = {isa = PBXBuildFile; fileRef = 84C0824527AC145800FFF163 /* IGFeedPostHeaderTableViewCell.swift */; };
		84C0824827AC147200FFF163 /* IGFeedPostActionsTableViewCell.swift in Sources */ = {isa = PBXBuildFile; fileRef = 84C0824727AC147200FFF163 /* IGFeedPostActionsTableViewCell.swift */; };
		84C0824A27AC149D00FFF163 /* IGFeedPostGeneralTableViewCell.swift in Sources */ = {isa = PBXBuildFile; fileRef = 84C0824927AC149D00FFF163 /* IGFeedPostGeneralTableViewCell.swift */; };
		84C0824D27AC357900FFF163 /* FormTableViewCell.swift in Sources */ = {isa = PBXBuildFile; fileRef = 84C0824C27AC357900FFF163 /* FormTableViewCell.swift */; };
		84D3D42A27B0185100EE2672 /* PhotoCollectionViewCell.swift in Sources */ = {isa = PBXBuildFile; fileRef = 84D3D42927B0185100EE2672 /* PhotoCollectionViewCell.swift */; };
		84D3D42C27B0191500EE2672 /* ProfileInfoHeaderCollectionReusableView.swift in Sources */ = {isa = PBXBuildFile; fileRef = 84D3D42B27B0191500EE2672 /* ProfileInfoHeaderCollectionReusableView.swift */; };
		84D3D42F27B0197300EE2672 /* ProfileTabsCollectionReusableView.swift in Sources */ = {isa = PBXBuildFile; fileRef = 84D3D42E27B0197300EE2672 /* ProfileTabsCollectionReusableView.swift */; };
		84D3D43127B02CB100EE2672 /* Models.swift in Sources */ = {isa = PBXBuildFile; fileRef = 84D3D43027B02CB100EE2672 /* Models.swift */; };
		CF809B9E1F373AEBBB24F788 /* Pods_Instagram.framework in Frameworks */ = {isa = PBXBuildFile; fileRef = AA2B39DF26FA41694CF2266E /* Pods_Instagram.framework */; };
/* End PBXBuildFile section */

/* Begin PBXFileReference section */
		84006D79279D799800431BA5 /* Instagram.app */ = {isa = PBXFileReference; explicitFileType = wrapper.application; includeInIndex = 0; path = Instagram.app; sourceTree = BUILT_PRODUCTS_DIR; };
		84006D7C279D799800431BA5 /* AppDelegate.swift */ = {isa = PBXFileReference; lastKnownFileType = sourcecode.swift; path = AppDelegate.swift; sourceTree = "<group>"; };
		84006D7E279D799800431BA5 /* SceneDelegate.swift */ = {isa = PBXFileReference; lastKnownFileType = sourcecode.swift; path = SceneDelegate.swift; sourceTree = "<group>"; };
		84006D80279D799800431BA5 /* HomeViewController.swift */ = {isa = PBXFileReference; lastKnownFileType = sourcecode.swift; path = HomeViewController.swift; sourceTree = "<group>"; };
		84006D83279D799800431BA5 /* Base */ = {isa = PBXFileReference; lastKnownFileType = file.storyboard; name = Base; path = Base.lproj/Main.storyboard; sourceTree = "<group>"; };
		84006D85279D799D00431BA5 /* Assets.xcassets */ = {isa = PBXFileReference; lastKnownFileType = folder.assetcatalog; path = Assets.xcassets; sourceTree = "<group>"; };
		84006D88279D799D00431BA5 /* Base */ = {isa = PBXFileReference; lastKnownFileType = file.storyboard; name = Base; path = Base.lproj/LaunchScreen.storyboard; sourceTree = "<group>"; };
		84006D8A279D799D00431BA5 /* Info.plist */ = {isa = PBXFileReference; lastKnownFileType = text.plist.xml; path = Info.plist; sourceTree = "<group>"; };
		84006D95279D7AE900431BA5 /* ExploreViewController.swift */ = {isa = PBXFileReference; lastKnownFileType = sourcecode.swift; path = ExploreViewController.swift; sourceTree = "<group>"; };
		84006D97279D7B0300431BA5 /* CameraViewController.swift */ = {isa = PBXFileReference; lastKnownFileType = sourcecode.swift; path = CameraViewController.swift; sourceTree = "<group>"; };
		84006D99279D7B2700431BA5 /* NotificationsViewController.swift */ = {isa = PBXFileReference; lastKnownFileType = sourcecode.swift; path = NotificationsViewController.swift; sourceTree = "<group>"; };
		84006D9B279D7B3500431BA5 /* ProfileViewController.swift */ = {isa = PBXFileReference; lastKnownFileType = sourcecode.swift; path = ProfileViewController.swift; sourceTree = "<group>"; };
		84006DA0279D7C1D00431BA5 /* RegistrationViewController.swift */ = {isa = PBXFileReference; lastKnownFileType = sourcecode.swift; path = RegistrationViewController.swift; sourceTree = "<group>"; };
		84006DA2279D7C4B00431BA5 /* LoginViewController.swift */ = {isa = PBXFileReference; lastKnownFileType = sourcecode.swift; path = LoginViewController.swift; sourceTree = "<group>"; };
		84006DA4279D7CAC00431BA5 /* PostViewController.swift */ = {isa = PBXFileReference; lastKnownFileType = sourcecode.swift; path = PostViewController.swift; sourceTree = "<group>"; };
		84006DA6279D7CCF00431BA5 /* EditProfileViewController.swift */ = {isa = PBXFileReference; lastKnownFileType = sourcecode.swift; path = EditProfileViewController.swift; sourceTree = "<group>"; };
		84006DA8279D7CD900431BA5 /* SettingsViewController.swift */ = {isa = PBXFileReference; lastKnownFileType = sourcecode.swift; path = SettingsViewController.swift; sourceTree = "<group>"; };
		84006DAA279D7D2C00431BA5 /* SearchViewController.swift */ = {isa = PBXFileReference; lastKnownFileType = sourcecode.swift; path = SearchViewController.swift; sourceTree = "<group>"; };
		84006DAC279D7D3300431BA5 /* SearchResultViewController.swift */ = {isa = PBXFileReference; lastKnownFileType = sourcecode.swift; path = SearchResultViewController.swift; sourceTree = "<group>"; };
		84006DAE279D7DA000431BA5 /* ListViewController.swift */ = {isa = PBXFileReference; lastKnownFileType = sourcecode.swift; path = ListViewController.swift; sourceTree = "<group>"; };
		84006DB0279D7DBB00431BA5 /* PostEditorViewController.swift */ = {isa = PBXFileReference; lastKnownFileType = sourcecode.swift; path = PostEditorViewController.swift; sourceTree = "<group>"; };
		84006DB2279D7DD000431BA5 /* PublishPostViewController.swift */ = {isa = PBXFileReference; lastKnownFileType = sourcecode.swift; path = PublishPostViewController.swift; sourceTree = "<group>"; };
		84C08236279DEB7A00FFF163 /* GoogleService-Info.plist */ = {isa = PBXFileReference; fileEncoding = 4; lastKnownFileType = text.plist.xml; path = "GoogleService-Info.plist"; sourceTree = "<group>"; };
		84C08239279DF22700FFF163 /* AuthManager.swift */ = {isa = PBXFileReference; lastKnownFileType = sourcecode.swift; path = AuthManager.swift; sourceTree = "<group>"; };
		84C0823B279E01C300FFF163 /* DatabaseManager.swift */ = {isa = PBXFileReference; lastKnownFileType = sourcecode.swift; path = DatabaseManager.swift; sourceTree = "<group>"; };
		84C0823D279E01EE00FFF163 /* StorageManager.swift */ = {isa = PBXFileReference; lastKnownFileType = sourcecode.swift; path = StorageManager.swift; sourceTree = "<group>"; };
		84C0824027A0448A00FFF163 /* Extensions.swift */ = {isa = PBXFileReference; lastKnownFileType = sourcecode.swift; path = Extensions.swift; sourceTree = "<group>"; };
		84C0824327AC10C200FFF163 /* IGFeedPostTableViewCell.swift */ = {isa = PBXFileReference; lastKnownFileType = sourcecode.swift; path = IGFeedPostTableViewCell.swift; sourceTree = "<group>"; };
		84C0824527AC145800FFF163 /* IGFeedPostHeaderTableViewCell.swift */ = {isa = PBXFileReference; lastKnownFileType = sourcecode.swift; path = IGFeedPostHeaderTableViewCell.swift; sourceTree = "<group>"; };
		84C0824727AC147200FFF163 /* IGFeedPostActionsTableViewCell.swift */ = {isa = PBXFileReference; lastKnownFileType = sourcecode.swift; path = IGFeedPostActionsTableViewCell.swift; sourceTree = "<group>"; };
		84C0824927AC149D00FFF163 /* IGFeedPostGeneralTableViewCell.swift */ = {isa = PBXFileReference; lastKnownFileType = sourcecode.swift; path = IGFeedPostGeneralTableViewCell.swift; sourceTree = "<group>"; };
		84C0824C27AC357900FFF163 /* FormTableViewCell.swift */ = {isa = PBXFileReference; lastKnownFileType = sourcecode.swift; path = FormTableViewCell.swift; sourceTree = "<group>"; };
		84D3D42927B0185100EE2672 /* PhotoCollectionViewCell.swift */ = {isa = PBXFileReference; lastKnownFileType = sourcecode.swift; path = PhotoCollectionViewCell.swift; sourceTree = "<group>"; };
		84D3D42B27B0191500EE2672 /* ProfileInfoHeaderCollectionReusableView.swift */ = {isa = PBXFileReference; lastKnownFileType = sourcecode.swift; path = ProfileInfoHeaderCollectionReusableView.swift; sourceTree = "<group>"; };
		84D3D42E27B0197300EE2672 /* ProfileTabsCollectionReusableView.swift */ = {isa = PBXFileReference; lastKnownFileType = sourcecode.swift; path = ProfileTabsCollectionReusableView.swift; sourceTree = "<group>"; };
		84D3D43027B02CB100EE2672 /* Models.swift */ = {isa = PBXFileReference; lastKnownFileType = sourcecode.swift; path = Models.swift; sourceTree = "<group>"; };
		AA2B39DF26FA41694CF2266E /* Pods_Instagram.framework */ = {isa = PBXFileReference; explicitFileType = wrapper.framework; includeInIndex = 0; path = Pods_Instagram.framework; sourceTree = BUILT_PRODUCTS_DIR; };
		BA69D28D4FB1296E4B2686D0 /* Pods-Instagram.debug.xcconfig */ = {isa = PBXFileReference; includeInIndex = 1; lastKnownFileType = text.xcconfig; name = "Pods-Instagram.debug.xcconfig"; path = "Target Support Files/Pods-Instagram/Pods-Instagram.debug.xcconfig"; sourceTree = "<group>"; };
		FF91E8AB07E7132B38E2820A /* Pods-Instagram.release.xcconfig */ = {isa = PBXFileReference; includeInIndex = 1; lastKnownFileType = text.xcconfig; name = "Pods-Instagram.release.xcconfig"; path = "Target Support Files/Pods-Instagram/Pods-Instagram.release.xcconfig"; sourceTree = "<group>"; };
/* End PBXFileReference section */

/* Begin PBXFrameworksBuildPhase section */
		84006D76279D799800431BA5 /* Frameworks */ = {
			isa = PBXFrameworksBuildPhase;
			buildActionMask = 2147483647;
			files = (
				CF809B9E1F373AEBBB24F788 /* Pods_Instagram.framework in Frameworks */,
			);
			runOnlyForDeploymentPostprocessing = 0;
		};
/* End PBXFrameworksBuildPhase section */

/* Begin PBXGroup section */
		84006D70279D799800431BA5 = {
			isa = PBXGroup;
			children = (
				84006D7B279D799800431BA5 /* Instagram */,
				84006D7A279D799800431BA5 /* Products */,
				CE7A556DB3FDB5ED6641CA83 /* Pods */,
				BD9AF2102D71471E7C478180 /* Frameworks */,
			);
			sourceTree = "<group>";
		};
		84006D7A279D799800431BA5 /* Products */ = {
			isa = PBXGroup;
			children = (
				84006D79279D799800431BA5 /* Instagram.app */,
			);
			name = Products;
			sourceTree = "<group>";
		};
		84006D7B279D799800431BA5 /* Instagram */ = {
			isa = PBXGroup;
			children = (
				84006D93279D7A2000431BA5 /* Resources */,
				84006D91279D79DC00431BA5 /* Models */,
				84006D92279D79E500431BA5 /* Views */,
				84006D90279D79C700431BA5 /* Controllers */,
				84006D8A279D799D00431BA5 /* Info.plist */,
			);
			path = Instagram;
			sourceTree = "<group>";
		};
		84006D90279D79C700431BA5 /* Controllers */ = {
			isa = PBXGroup;
			children = (
				84006D9E279D7BF400431BA5 /* Other */,
				84006D9D279D7BEC00431BA5 /* Core Tabs */,
			);
			path = Controllers;
			sourceTree = "<group>";
		};
		84006D91279D79DC00431BA5 /* Models */ = {
			isa = PBXGroup;
			children = (
				84D3D43027B02CB100EE2672 /* Models.swift */,
			);
			path = Models;
			sourceTree = "<group>";
		};
		84006D92279D79E500431BA5 /* Views */ = {
			isa = PBXGroup;
			children = (
				84D3D42D27B0193700EE2672 /* CollectionView Headers */,
				84C0824227AC107600FFF163 /* Cells */,
				84006D94279D7A7200431BA5 /* Storyboards */,
				84006D85279D799D00431BA5 /* Assets.xcassets */,
			);
			path = Views;
			sourceTree = "<group>";
		};
		84006D93279D7A2000431BA5 /* Resources */ = {
			isa = PBXGroup;
			children = (
				84006D7C279D799800431BA5 /* AppDelegate.swift */,
				84006D7E279D799800431BA5 /* SceneDelegate.swift */,
				84C08236279DEB7A00FFF163 /* GoogleService-Info.plist */,
				84C08239279DF22700FFF163 /* AuthManager.swift */,
				84C0823B279E01C300FFF163 /* DatabaseManager.swift */,
				84C0823D279E01EE00FFF163 /* StorageManager.swift */,
				84C0824027A0448A00FFF163 /* Extensions.swift */,
			);
			path = Resources;
			sourceTree = "<group>";
		};
		84006D94279D7A7200431BA5 /* Storyboards */ = {
			isa = PBXGroup;
			children = (
				84006D82279D799800431BA5 /* Main.storyboard */,
				84006D87279D799D00431BA5 /* LaunchScreen.storyboard */,
			);
			path = Storyboards;
			sourceTree = "<group>";
		};
		84006D9D279D7BEC00431BA5 /* Core Tabs */ = {
			isa = PBXGroup;
			children = (
				84006D80279D799800431BA5 /* HomeViewController.swift */,
				84006D95279D7AE900431BA5 /* ExploreViewController.swift */,
				84006D97279D7B0300431BA5 /* CameraViewController.swift */,
				84006D99279D7B2700431BA5 /* NotificationsViewController.swift */,
				84006D9B279D7B3500431BA5 /* ProfileViewController.swift */,
			);
			path = "Core Tabs";
			sourceTree = "<group>";
		};
		84006D9E279D7BF400431BA5 /* Other */ = {
			isa = PBXGroup;
			children = (
				84006D9F279D7BFE00431BA5 /* Onboarding */,
				84006DA4279D7CAC00431BA5 /* PostViewController.swift */,
				84006DA6279D7CCF00431BA5 /* EditProfileViewController.swift */,
				84006DA8279D7CD900431BA5 /* SettingsViewController.swift */,
				84006DAA279D7D2C00431BA5 /* SearchViewController.swift */,
				84006DAC279D7D3300431BA5 /* SearchResultViewController.swift */,
				84006DAE279D7DA000431BA5 /* ListViewController.swift */,
				84006DB0279D7DBB00431BA5 /* PostEditorViewController.swift */,
				84006DB2279D7DD000431BA5 /* PublishPostViewController.swift */,
			);
			path = Other;
			sourceTree = "<group>";
		};
		84006D9F279D7BFE00431BA5 /* Onboarding */ = {
			isa = PBXGroup;
			children = (
				84006DA0279D7C1D00431BA5 /* RegistrationViewController.swift */,
				84006DA2279D7C4B00431BA5 /* LoginViewController.swift */,
			);
			path = Onboarding;
			sourceTree = "<group>";
		};
		84C0824227AC107600FFF163 /* Cells */ = {
			isa = PBXGroup;
			children = (
				84C0824B27AC14A900FFF163 /* Home Feed */,
				84C0824C27AC357900FFF163 /* FormTableViewCell.swift */,
				84D3D42927B0185100EE2672 /* PhotoCollectionViewCell.swift */,
			);
			path = Cells;
			sourceTree = "<group>";
		};
		84C0824B27AC14A900FFF163 /* Home Feed */ = {
			isa = PBXGroup;
			children = (
				84C0824327AC10C200FFF163 /* IGFeedPostTableViewCell.swift */,
				84C0824527AC145800FFF163 /* IGFeedPostHeaderTableViewCell.swift */,
				84C0824727AC147200FFF163 /* IGFeedPostActionsTableViewCell.swift */,
				84C0824927AC149D00FFF163 /* IGFeedPostGeneralTableViewCell.swift */,
			);
			path = "Home Feed";
			sourceTree = "<group>";
		};
		84D3D42D27B0193700EE2672 /* CollectionView Headers */ = {
			isa = PBXGroup;
			children = (
				84D3D42B27B0191500EE2672 /* ProfileInfoHeaderCollectionReusableView.swift */,
				84D3D42E27B0197300EE2672 /* ProfileTabsCollectionReusableView.swift */,
			);
			path = "CollectionView Headers";
			sourceTree = "<group>";
		};
		BD9AF2102D71471E7C478180 /* Frameworks */ = {
			isa = PBXGroup;
			children = (
				AA2B39DF26FA41694CF2266E /* Pods_Instagram.framework */,
			);
			name = Frameworks;
			sourceTree = "<group>";
		};
		CE7A556DB3FDB5ED6641CA83 /* Pods */ = {
			isa = PBXGroup;
			children = (
				BA69D28D4FB1296E4B2686D0 /* Pods-Instagram.debug.xcconfig */,
				FF91E8AB07E7132B38E2820A /* Pods-Instagram.release.xcconfig */,
			);
			path = Pods;
			sourceTree = "<group>";
		};
/* End PBXGroup section */

/* Begin PBXNativeTarget section */
		84006D78279D799800431BA5 /* Instagram */ = {
			isa = PBXNativeTarget;
			buildConfigurationList = 84006D8D279D799D00431BA5 /* Build configuration list for PBXNativeTarget "Instagram" */;
			buildPhases = (
				5BFA91AF5FECF20021ECBBFC /* [CP] Check Pods Manifest.lock */,
				84006D75279D799800431BA5 /* Sources */,
				84006D76279D799800431BA5 /* Frameworks */,
				84006D77279D799800431BA5 /* Resources */,
				2654D101F93424A6CB738128 /* [CP] Embed Pods Frameworks */,
			);
			buildRules = (
			);
			dependencies = (
			);
			name = Instagram;
			productName = Instagram;
			productReference = 84006D79279D799800431BA5 /* Instagram.app */;
			productType = "com.apple.product-type.application";
		};
/* End PBXNativeTarget section */

/* Begin PBXProject section */
		84006D71279D799800431BA5 /* Project object */ = {
			isa = PBXProject;
			attributes = {
				BuildIndependentTargetsInParallel = 1;
				LastSwiftUpdateCheck = 1320;
				LastUpgradeCheck = 1320;
				TargetAttributes = {
					84006D78279D799800431BA5 = {
						CreatedOnToolsVersion = 13.2.1;
					};
				};
			};
			buildConfigurationList = 84006D74279D799800431BA5 /* Build configuration list for PBXProject "Instagram" */;
			compatibilityVersion = "Xcode 13.0";
			developmentRegion = en;
			hasScannedForEncodings = 0;
			knownRegions = (
				en,
				Base,
			);
			mainGroup = 84006D70279D799800431BA5;
			productRefGroup = 84006D7A279D799800431BA5 /* Products */;
			projectDirPath = "";
			projectRoot = "";
			targets = (
				84006D78279D799800431BA5 /* Instagram */,
			);
		};
/* End PBXProject section */

/* Begin PBXResourcesBuildPhase section */
		84006D77279D799800431BA5 /* Resources */ = {
			isa = PBXResourcesBuildPhase;
			buildActionMask = 2147483647;
			files = (
				84C08237279DEB7B00FFF163 /* GoogleService-Info.plist in Resources */,
				84006D89279D799D00431BA5 /* LaunchScreen.storyboard in Resources */,
				84006D86279D799D00431BA5 /* Assets.xcassets in Resources */,
				84006D84279D799800431BA5 /* Main.storyboard in Resources */,
			);
			runOnlyForDeploymentPostprocessing = 0;
		};
/* End PBXResourcesBuildPhase section */

/* Begin PBXShellScriptBuildPhase section */
		2654D101F93424A6CB738128 /* [CP] Embed Pods Frameworks */ = {
			isa = PBXShellScriptBuildPhase;
			buildActionMask = 2147483647;
			files = (
			);
			inputFileListPaths = (
				"${PODS_ROOT}/Target Support Files/Pods-Instagram/Pods-Instagram-frameworks-${CONFIGURATION}-input-files.xcfilelist",
			);
			name = "[CP] Embed Pods Frameworks";
			outputFileListPaths = (
				"${PODS_ROOT}/Target Support Files/Pods-Instagram/Pods-Instagram-frameworks-${CONFIGURATION}-output-files.xcfilelist",
			);
			runOnlyForDeploymentPostprocessing = 0;
			shellPath = /bin/sh;
			shellScript = "\"${PODS_ROOT}/Target Support Files/Pods-Instagram/Pods-Instagram-frameworks.sh\"\n";
			showEnvVarsInLog = 0;
		};
		5BFA91AF5FECF20021ECBBFC /* [CP] Check Pods Manifest.lock */ = {
			isa = PBXShellScriptBuildPhase;
			buildActionMask = 2147483647;
			files = (
			);
			inputFileListPaths = (
			);
			inputPaths = (
				"${PODS_PODFILE_DIR_PATH}/Podfile.lock",
				"${PODS_ROOT}/Manifest.lock",
			);
			name = "[CP] Check Pods Manifest.lock";
			outputFileListPaths = (
			);
			outputPaths = (
				"$(DERIVED_FILE_DIR)/Pods-Instagram-checkManifestLockResult.txt",
			);
			runOnlyForDeploymentPostprocessing = 0;
			shellPath = /bin/sh;
			shellScript = "diff \"${PODS_PODFILE_DIR_PATH}/Podfile.lock\" \"${PODS_ROOT}/Manifest.lock\" > /dev/null\nif [ $? != 0 ] ; then\n    # print error to STDERR\n    echo \"error: The sandbox is not in sync with the Podfile.lock. Run 'pod install' or update your CocoaPods installation.\" >&2\n    exit 1\nfi\n# This output is used by Xcode 'outputs' to avoid re-running this script phase.\necho \"SUCCESS\" > \"${SCRIPT_OUTPUT_FILE_0}\"\n";
			showEnvVarsInLog = 0;
		};
/* End PBXShellScriptBuildPhase section */

/* Begin PBXSourcesBuildPhase section */
		84006D75279D799800431BA5 /* Sources */ = {
			isa = PBXSourcesBuildPhase;
			buildActionMask = 2147483647;
			files = (
				84006DA7279D7CCF00431BA5 /* EditProfileViewController.swift in Sources */,
				84C0823A279DF22700FFF163 /* AuthManager.swift in Sources */,
				84006DA3279D7C4B00431BA5 /* LoginViewController.swift in Sources */,
				84006DB3279D7DD000431BA5 /* PublishPostViewController.swift in Sources */,
				84006D96279D7AE900431BA5 /* ExploreViewController.swift in Sources */,
				84006D98279D7B0300431BA5 /* CameraViewController.swift in Sources */,
				84C0824627AC145800FFF163 /* IGFeedPostHeaderTableViewCell.swift in Sources */,
				84006DA1279D7C1D00431BA5 /* RegistrationViewController.swift in Sources */,
				84C0823E279E01EE00FFF163 /* StorageManager.swift in Sources */,
				84D3D43127B02CB100EE2672 /* Models.swift in Sources */,
				84C0824D27AC357900FFF163 /* FormTableViewCell.swift in Sources */,
				84006DB1279D7DBB00431BA5 /* PostEditorViewController.swift in Sources */,
				84D3D42F27B0197300EE2672 /* ProfileTabsCollectionReusableView.swift in Sources */,
				84006DA5279D7CAC00431BA5 /* PostViewController.swift in Sources */,
				84006D81279D799800431BA5 /* HomeViewController.swift in Sources */,
				84C0824427AC10C200FFF163 /* IGFeedPostTableViewCell.swift in Sources */,
				84D3D42A27B0185100EE2672 /* PhotoCollectionViewCell.swift in Sources */,
				84006D9A279D7B2700431BA5 /* NotificationsViewController.swift in Sources */,
				84006DAF279D7DA000431BA5 /* ListViewController.swift in Sources */,
				84C0824127A0448A00FFF163 /* Extensions.swift in Sources */,
				84C0824A27AC149D00FFF163 /* IGFeedPostGeneralTableViewCell.swift in Sources */,
				84006DAD279D7D3300431BA5 /* SearchResultViewController.swift in Sources */,
				84D3D42C27B0191500EE2672 /* ProfileInfoHeaderCollectionReusableView.swift in Sources */,
				84006DAB279D7D2C00431BA5 /* SearchViewController.swift in Sources */,
				84C0823C279E01C300FFF163 /* DatabaseManager.swift in Sources */,
				84006D9C279D7B3500431BA5 /* ProfileViewController.swift in Sources */,
				84006D7D279D799800431BA5 /* AppDelegate.swift in Sources */,
				84C0824827AC147200FFF163 /* IGFeedPostActionsTableViewCell.swift in Sources */,
				84006D7F279D799800431BA5 /* SceneDelegate.swift in Sources */,
				84006DA9279D7CD900431BA5 /* SettingsViewController.swift in Sources */,
			);
			runOnlyForDeploymentPostprocessing = 0;
		};
/* End PBXSourcesBuildPhase section */

/* Begin PBXVariantGroup section */
		84006D82279D799800431BA5 /* Main.storyboard */ = {
			isa = PBXVariantGroup;
			children = (
				84006D83279D799800431BA5 /* Base */,
			);
			name = Main.storyboard;
			sourceTree = "<group>";
		};
		84006D87279D799D00431BA5 /* LaunchScreen.storyboard */ = {
			isa = PBXVariantGroup;
			children = (
				84006D88279D799D00431BA5 /* Base */,
			);
			name = LaunchScreen.storyboard;
			sourceTree = "<group>";
		};
/* End PBXVariantGroup section */

/* Begin XCBuildConfiguration section */
		84006D8B279D799D00431BA5 /* Debug */ = {
			isa = XCBuildConfiguration;
			buildSettings = {
				ALWAYS_SEARCH_USER_PATHS = NO;
				CLANG_ANALYZER_NONNULL = YES;
				CLANG_ANALYZER_NUMBER_OBJECT_CONVERSION = YES_AGGRESSIVE;
				CLANG_CXX_LANGUAGE_STANDARD = "gnu++17";
				CLANG_CXX_LIBRARY = "libc++";
				CLANG_ENABLE_MODULES = YES;
				CLANG_ENABLE_OBJC_ARC = YES;
				CLANG_ENABLE_OBJC_WEAK = YES;
				CLANG_WARN_BLOCK_CAPTURE_AUTORELEASING = YES;
				CLANG_WARN_BOOL_CONVERSION = YES;
				CLANG_WARN_COMMA = YES;
				CLANG_WARN_CONSTANT_CONVERSION = YES;
				CLANG_WARN_DEPRECATED_OBJC_IMPLEMENTATIONS = YES;
				CLANG_WARN_DIRECT_OBJC_ISA_USAGE = YES_ERROR;
				CLANG_WARN_DOCUMENTATION_COMMENTS = YES;
				CLANG_WARN_EMPTY_BODY = YES;
				CLANG_WARN_ENUM_CONVERSION = YES;
				CLANG_WARN_INFINITE_RECURSION = YES;
				CLANG_WARN_INT_CONVERSION = YES;
				CLANG_WARN_NON_LITERAL_NULL_CONVERSION = YES;
				CLANG_WARN_OBJC_IMPLICIT_RETAIN_SELF = YES;
				CLANG_WARN_OBJC_LITERAL_CONVERSION = YES;
				CLANG_WARN_OBJC_ROOT_CLASS = YES_ERROR;
				CLANG_WARN_QUOTED_INCLUDE_IN_FRAMEWORK_HEADER = YES;
				CLANG_WARN_RANGE_LOOP_ANALYSIS = YES;
				CLANG_WARN_STRICT_PROTOTYPES = YES;
				CLANG_WARN_SUSPICIOUS_MOVE = YES;
				CLANG_WARN_UNGUARDED_AVAILABILITY = YES_AGGRESSIVE;
				CLANG_WARN_UNREACHABLE_CODE = YES;
				CLANG_WARN__DUPLICATE_METHOD_MATCH = YES;
				COPY_PHASE_STRIP = NO;
				DEBUG_INFORMATION_FORMAT = dwarf;
				ENABLE_STRICT_OBJC_MSGSEND = YES;
				ENABLE_TESTABILITY = YES;
				GCC_C_LANGUAGE_STANDARD = gnu11;
				GCC_DYNAMIC_NO_PIC = NO;
				GCC_NO_COMMON_BLOCKS = YES;
				GCC_OPTIMIZATION_LEVEL = 0;
				GCC_PREPROCESSOR_DEFINITIONS = (
					"DEBUG=1",
					"$(inherited)",
				);
				GCC_WARN_64_TO_32_BIT_CONVERSION = YES;
				GCC_WARN_ABOUT_RETURN_TYPE = YES_ERROR;
				GCC_WARN_UNDECLARED_SELECTOR = YES;
				GCC_WARN_UNINITIALIZED_AUTOS = YES_AGGRESSIVE;
				GCC_WARN_UNUSED_FUNCTION = YES;
				GCC_WARN_UNUSED_VARIABLE = YES;
				IPHONEOS_DEPLOYMENT_TARGET = 15.2;
				MTL_ENABLE_DEBUG_INFO = INCLUDE_SOURCE;
				MTL_FAST_MATH = YES;
				ONLY_ACTIVE_ARCH = YES;
				SDKROOT = iphoneos;
				SWIFT_ACTIVE_COMPILATION_CONDITIONS = DEBUG;
				SWIFT_OPTIMIZATION_LEVEL = "-Onone";
			};
			name = Debug;
		};
		84006D8C279D799D00431BA5 /* Release */ = {
			isa = XCBuildConfiguration;
			buildSettings = {
				ALWAYS_SEARCH_USER_PATHS = NO;
				CLANG_ANALYZER_NONNULL = YES;
				CLANG_ANALYZER_NUMBER_OBJECT_CONVERSION = YES_AGGRESSIVE;
				CLANG_CXX_LANGUAGE_STANDARD = "gnu++17";
				CLANG_CXX_LIBRARY = "libc++";
				CLANG_ENABLE_MODULES = YES;
				CLANG_ENABLE_OBJC_ARC = YES;
				CLANG_ENABLE_OBJC_WEAK = YES;
				CLANG_WARN_BLOCK_CAPTURE_AUTORELEASING = YES;
				CLANG_WARN_BOOL_CONVERSION = YES;
				CLANG_WARN_COMMA = YES;
				CLANG_WARN_CONSTANT_CONVERSION = YES;
				CLANG_WARN_DEPRECATED_OBJC_IMPLEMENTATIONS = YES;
				CLANG_WARN_DIRECT_OBJC_ISA_USAGE = YES_ERROR;
				CLANG_WARN_DOCUMENTATION_COMMENTS = YES;
				CLANG_WARN_EMPTY_BODY = YES;
				CLANG_WARN_ENUM_CONVERSION = YES;
				CLANG_WARN_INFINITE_RECURSION = YES;
				CLANG_WARN_INT_CONVERSION = YES;
				CLANG_WARN_NON_LITERAL_NULL_CONVERSION = YES;
				CLANG_WARN_OBJC_IMPLICIT_RETAIN_SELF = YES;
				CLANG_WARN_OBJC_LITERAL_CONVERSION = YES;
				CLANG_WARN_OBJC_ROOT_CLASS = YES_ERROR;
				CLANG_WARN_QUOTED_INCLUDE_IN_FRAMEWORK_HEADER = YES;
				CLANG_WARN_RANGE_LOOP_ANALYSIS = YES;
				CLANG_WARN_STRICT_PROTOTYPES = YES;
				CLANG_WARN_SUSPICIOUS_MOVE = YES;
				CLANG_WARN_UNGUARDED_AVAILABILITY = YES_AGGRESSIVE;
				CLANG_WARN_UNREACHABLE_CODE = YES;
				CLANG_WARN__DUPLICATE_METHOD_MATCH = YES;
				COPY_PHASE_STRIP = NO;
				DEBUG_INFORMATION_FORMAT = "dwarf-with-dsym";
				ENABLE_NS_ASSERTIONS = NO;
				ENABLE_STRICT_OBJC_MSGSEND = YES;
				GCC_C_LANGUAGE_STANDARD = gnu11;
				GCC_NO_COMMON_BLOCKS = YES;
				GCC_WARN_64_TO_32_BIT_CONVERSION = YES;
				GCC_WARN_ABOUT_RETURN_TYPE = YES_ERROR;
				GCC_WARN_UNDECLARED_SELECTOR = YES;
				GCC_WARN_UNINITIALIZED_AUTOS = YES_AGGRESSIVE;
				GCC_WARN_UNUSED_FUNCTION = YES;
				GCC_WARN_UNUSED_VARIABLE = YES;
				IPHONEOS_DEPLOYMENT_TARGET = 15.2;
				MTL_ENABLE_DEBUG_INFO = NO;
				MTL_FAST_MATH = YES;
				SDKROOT = iphoneos;
				SWIFT_COMPILATION_MODE = wholemodule;
				SWIFT_OPTIMIZATION_LEVEL = "-O";
				VALIDATE_PRODUCT = YES;
			};
			name = Release;
		};
		84006D8E279D799D00431BA5 /* Debug */ = {
			isa = XCBuildConfiguration;
			baseConfigurationReference = BA69D28D4FB1296E4B2686D0 /* Pods-Instagram.debug.xcconfig */;
			buildSettings = {
				ASSETCATALOG_COMPILER_APPICON_NAME = AppIcon;
				ASSETCATALOG_COMPILER_GLOBAL_ACCENT_COLOR_NAME = AccentColor;
				CODE_SIGN_STYLE = Automatic;
				CURRENT_PROJECT_VERSION = 1;
				DEVELOPMENT_TEAM = L9C33X24K8;
				GENERATE_INFOPLIST_FILE = YES;
				INFOPLIST_FILE = Instagram/Info.plist;
				INFOPLIST_KEY_UIApplicationSupportsIndirectInputEvents = YES;
				INFOPLIST_KEY_UILaunchStoryboardName = LaunchScreen;
				INFOPLIST_KEY_UIMainStoryboardFile = Main;
				INFOPLIST_KEY_UISupportedInterfaceOrientations = UIInterfaceOrientationPortrait;
				INFOPLIST_KEY_UISupportedInterfaceOrientations_iPad = "UIInterfaceOrientationPortrait UIInterfaceOrientationPortraitUpsideDown UIInterfaceOrientationLandscapeLeft UIInterfaceOrientationLandscapeRight";
				INFOPLIST_KEY_UISupportedInterfaceOrientations_iPhone = "UIInterfaceOrientationPortrait UIInterfaceOrientationLandscapeLeft UIInterfaceOrientationLandscapeRight";
				LD_RUNPATH_SEARCH_PATHS = (
					"$(inherited)",
					"@executable_path/Frameworks",
				);
				MARKETING_VERSION = 1.0;
				PRODUCT_BUNDLE_IDENTIFIER = itClass.Instagram;
				PRODUCT_NAME = "$(TARGET_NAME)";
				SWIFT_EMIT_LOC_STRINGS = YES;
				SWIFT_VERSION = 5.0;
				TARGETED_DEVICE_FAMILY = "1,2";
			};
			name = Debug;
		};
		84006D8F279D799D00431BA5 /* Release */ = {
			isa = XCBuildConfiguration;
			baseConfigurationReference = FF91E8AB07E7132B38E2820A /* Pods-Instagram.release.xcconfig */;
			buildSettings = {
				ASSETCATALOG_COMPILER_APPICON_NAME = AppIcon;
				ASSETCATALOG_COMPILER_GLOBAL_ACCENT_COLOR_NAME = AccentColor;
				CODE_SIGN_STYLE = Automatic;
				CURRENT_PROJECT_VERSION = 1;
				DEVELOPMENT_TEAM = L9C33X24K8;
				GENERATE_INFOPLIST_FILE = YES;
				INFOPLIST_FILE = Instagram/Info.plist;
				INFOPLIST_KEY_UIApplicationSupportsIndirectInputEvents = YES;
				INFOPLIST_KEY_UILaunchStoryboardName = LaunchScreen;
				INFOPLIST_KEY_UIMainStoryboardFile = Main;
				INFOPLIST_KEY_UISupportedInterfaceOrientations = UIInterfaceOrientationPortrait;
				INFOPLIST_KEY_UISupportedInterfaceOrientations_iPad = "UIInterfaceOrientationPortrait UIInterfaceOrientationPortraitUpsideDown UIInterfaceOrientationLandscapeLeft UIInterfaceOrientationLandscapeRight";
				INFOPLIST_KEY_UISupportedInterfaceOrientations_iPhone = "UIInterfaceOrientationPortrait UIInterfaceOrientationLandscapeLeft UIInterfaceOrientationLandscapeRight";
				LD_RUNPATH_SEARCH_PATHS = (
					"$(inherited)",
					"@executable_path/Frameworks",
				);
				MARKETING_VERSION = 1.0;
				PRODUCT_BUNDLE_IDENTIFIER = itClass.Instagram;
				PRODUCT_NAME = "$(TARGET_NAME)";
				SWIFT_EMIT_LOC_STRINGS = YES;
				SWIFT_VERSION = 5.0;
				TARGETED_DEVICE_FAMILY = "1,2";
			};
			name = Release;
		};
/* End XCBuildConfiguration section */

/* Begin XCConfigurationList section */
		84006D74279D799800431BA5 /* Build configuration list for PBXProject "Instagram" */ = {
			isa = XCConfigurationList;
			buildConfigurations = (
				84006D8B279D799D00431BA5 /* Debug */,
				84006D8C279D799D00431BA5 /* Release */,
			);
			defaultConfigurationIsVisible = 0;
			defaultConfigurationName = Release;
		};
		84006D8D279D799D00431BA5 /* Build configuration list for PBXNativeTarget "Instagram" */ = {
			isa = XCConfigurationList;
			buildConfigurations = (
				84006D8E279D799D00431BA5 /* Debug */,
				84006D8F279D799D00431BA5 /* Release */,
			);
			defaultConfigurationIsVisible = 0;
			defaultConfigurationName = Release;
		};
/* End XCConfigurationList section */
	};
	rootObject = 84006D71279D799800431BA5 /* Project object */;
}
